// !$*UTF8*$!
{
	archiveVersion = 1;
	classes = {
	};
	objectVersion = 46;
	objects = {

/* Begin PBXBuildFile section */
		3D0BD6281CFD8B4000C91654 /* main.m in Sources */ = {isa = PBXBuildFile; fileRef = 3D0BD6271CFD8B4000C91654 /* main.m */; };
		3D0BD62B1CFD8B4000C91654 /* AppDelegate.m in Sources */ = {isa = PBXBuildFile; fileRef = 3D0BD62A1CFD8B4000C91654 /* AppDelegate.m */; };
		3D0BD62E1CFD8B4000C91654 /* ViewController.m in Sources */ = {isa = PBXBuildFile; fileRef = 3D0BD62D1CFD8B4000C91654 /* ViewController.m */; };
		3D0BD6311CFD8B4000C91654 /* Main.storyboard in Resources */ = {isa = PBXBuildFile; fileRef = 3D0BD62F1CFD8B4000C91654 /* Main.storyboard */; };
		3D0BD6331CFD8B4000C91654 /* Assets.xcassets in Resources */ = {isa = PBXBuildFile; fileRef = 3D0BD6321CFD8B4000C91654 /* Assets.xcassets */; };
		3D0BD6361CFD8B4000C91654 /* LaunchScreen.storyboard in Resources */ = {isa = PBXBuildFile; fileRef = 3D0BD6341CFD8B4000C91654 /* LaunchScreen.storyboard */; };
		3D0BD6411CFD8B4000C91654 /* libnhrTestCreation.m in Sources */ = {isa = PBXBuildFile; fileRef = 3D0BD6401CFD8B4000C91654 /* libnhrTestCreation.m */; };
		3D0BD6561CFD8BEB00C91654 /* nhr_common.c in Sources */ = {isa = PBXBuildFile; fileRef = 3D0BD64E1CFD8BEB00C91654 /* nhr_common.c */; };
		3D0BD6571CFD8BEB00C91654 /* nhr_memory.c in Sources */ = {isa = PBXBuildFile; fileRef = 3D0BD6501CFD8BEB00C91654 /* nhr_memory.c */; };
		3D0BD6581CFD8BEB00C91654 /* nhr_string.c in Sources */ = {isa = PBXBuildFile; fileRef = 3D0BD6521CFD8BEB00C91654 /* nhr_string.c */; };
		3D0BD6591CFD8BEB00C91654 /* nhr_thread.c in Sources */ = {isa = PBXBuildFile; fileRef = 3D0BD6541CFD8BEB00C91654 /* nhr_thread.c */; };
		3D0BD65B1CFD8DBD00C91654 /* nhr_request_public.c in Sources */ = {isa = PBXBuildFile; fileRef = 3D0BD65A1CFD8DBD00C91654 /* nhr_request_public.c */; };
		3D0BD65D1CFD8DCA00C91654 /* nhr_request_private.c in Sources */ = {isa = PBXBuildFile; fileRef = 3D0BD65C1CFD8DCA00C91654 /* nhr_request_private.c */; };
		3D0BD66A1CFDE93500C91654 /* nhr_response.c in Sources */ = {isa = PBXBuildFile; fileRef = 3D0BD6681CFDE93500C91654 /* nhr_response.c */; };
		3DE8C69F1D01CBE40011D974 /* nhr_map.c in Sources */ = {isa = PBXBuildFile; fileRef = 3DE8C69D1D01CBE40011D974 /* nhr_map.c */; };
		3DEAD2791CFF10E2008996B5 /* test_libnhr_creation.c in Sources */ = {isa = PBXBuildFile; fileRef = 3DEAD2751CFF0F40008996B5 /* test_libnhr_creation.c */; };
/* End PBXBuildFile section */

/* Begin PBXContainerItemProxy section */
		3D0BD63D1CFD8B4000C91654 /* PBXContainerItemProxy */ = {
			isa = PBXContainerItemProxy;
			containerPortal = 3D0BD61B1CFD8B4000C91654 /* Project object */;
			proxyType = 1;
			remoteGlobalIDString = 3D0BD6221CFD8B4000C91654;
			remoteInfo = libnhr;
		};
/* End PBXContainerItemProxy section */

/* Begin PBXFileReference section */
		3D0BD6231CFD8B4000C91654 /* libnhr.app */ = {isa = PBXFileReference; explicitFileType = wrapper.application; includeInIndex = 0; path = libnhr.app; sourceTree = BUILT_PRODUCTS_DIR; };
		3D0BD6271CFD8B4000C91654 /* main.m */ = {isa = PBXFileReference; lastKnownFileType = sourcecode.c.objc; path = main.m; sourceTree = "<group>"; };
		3D0BD6291CFD8B4000C91654 /* AppDelegate.h */ = {isa = PBXFileReference; lastKnownFileType = sourcecode.c.h; path = AppDelegate.h; sourceTree = "<group>"; };
		3D0BD62A1CFD8B4000C91654 /* AppDelegate.m */ = {isa = PBXFileReference; lastKnownFileType = sourcecode.c.objc; path = AppDelegate.m; sourceTree = "<group>"; };
		3D0BD62C1CFD8B4000C91654 /* ViewController.h */ = {isa = PBXFileReference; lastKnownFileType = sourcecode.c.h; path = ViewController.h; sourceTree = "<group>"; };
		3D0BD62D1CFD8B4000C91654 /* ViewController.m */ = {isa = PBXFileReference; lastKnownFileType = sourcecode.c.objc; path = ViewController.m; sourceTree = "<group>"; };
		3D0BD6301CFD8B4000C91654 /* Base */ = {isa = PBXFileReference; lastKnownFileType = file.storyboard; name = Base; path = Base.lproj/Main.storyboard; sourceTree = "<group>"; };
		3D0BD6321CFD8B4000C91654 /* Assets.xcassets */ = {isa = PBXFileReference; lastKnownFileType = folder.assetcatalog; path = Assets.xcassets; sourceTree = "<group>"; };
		3D0BD6351CFD8B4000C91654 /* Base */ = {isa = PBXFileReference; lastKnownFileType = file.storyboard; name = Base; path = Base.lproj/LaunchScreen.storyboard; sourceTree = "<group>"; };
		3D0BD6371CFD8B4000C91654 /* Info.plist */ = {isa = PBXFileReference; lastKnownFileType = text.plist.xml; path = Info.plist; sourceTree = "<group>"; };
		3D0BD63C1CFD8B4000C91654 /* libnhrTests.xctest */ = {isa = PBXFileReference; explicitFileType = wrapper.cfbundle; includeInIndex = 0; path = libnhrTests.xctest; sourceTree = BUILT_PRODUCTS_DIR; };
		3D0BD6401CFD8B4000C91654 /* libnhrTestCreation.m */ = {isa = PBXFileReference; lastKnownFileType = sourcecode.c.objc; path = libnhrTestCreation.m; sourceTree = "<group>"; };
		3D0BD6421CFD8B4000C91654 /* Info.plist */ = {isa = PBXFileReference; lastKnownFileType = text.plist.xml; path = Info.plist; sourceTree = "<group>"; };
		3D0BD64B1CFD8B8600C91654 /* libnhr.h */ = {isa = PBXFileReference; lastKnownFileType = sourcecode.c.h; name = libnhr.h; path = ../../libnhr.h; sourceTree = "<group>"; };
		3D0BD64E1CFD8BEB00C91654 /* nhr_common.c */ = {isa = PBXFileReference; fileEncoding = 4; lastKnownFileType = sourcecode.c.c; path = nhr_common.c; sourceTree = "<group>"; };
		3D0BD64F1CFD8BEB00C91654 /* nhr_common.h */ = {isa = PBXFileReference; fileEncoding = 4; lastKnownFileType = sourcecode.c.h; path = nhr_common.h; sourceTree = "<group>"; };
		3D0BD6501CFD8BEB00C91654 /* nhr_memory.c */ = {isa = PBXFileReference; fileEncoding = 4; lastKnownFileType = sourcecode.c.c; path = nhr_memory.c; sourceTree = "<group>"; };
		3D0BD6511CFD8BEB00C91654 /* nhr_memory.h */ = {isa = PBXFileReference; fileEncoding = 4; lastKnownFileType = sourcecode.c.h; path = nhr_memory.h; sourceTree = "<group>"; };
		3D0BD6521CFD8BEB00C91654 /* nhr_string.c */ = {isa = PBXFileReference; fileEncoding = 4; lastKnownFileType = sourcecode.c.c; path = nhr_string.c; sourceTree = "<group>"; };
		3D0BD6531CFD8BEB00C91654 /* nhr_string.h */ = {isa = PBXFileReference; fileEncoding = 4; lastKnownFileType = sourcecode.c.h; path = nhr_string.h; sourceTree = "<group>"; };
		3D0BD6541CFD8BEB00C91654 /* nhr_thread.c */ = {isa = PBXFileReference; fileEncoding = 4; lastKnownFileType = sourcecode.c.c; path = nhr_thread.c; sourceTree = "<group>"; };
		3D0BD6551CFD8BEB00C91654 /* nhr_thread.h */ = {isa = PBXFileReference; fileEncoding = 4; lastKnownFileType = sourcecode.c.h; path = nhr_thread.h; sourceTree = "<group>"; };
		3D0BD65A1CFD8DBD00C91654 /* nhr_request_public.c */ = {isa = PBXFileReference; fileEncoding = 4; lastKnownFileType = sourcecode.c.c; path = nhr_request_public.c; sourceTree = "<group>"; };
		3D0BD65C1CFD8DCA00C91654 /* nhr_request_private.c */ = {isa = PBXFileReference; fileEncoding = 4; lastKnownFileType = sourcecode.c.c; path = nhr_request_private.c; sourceTree = "<group>"; };
		3D0BD65E1CFD8E4900C91654 /* nhr_request.h */ = {isa = PBXFileReference; lastKnownFileType = sourcecode.c.h; path = nhr_request.h; sourceTree = "<group>"; };
		3D0BD6681CFDE93500C91654 /* nhr_response.c */ = {isa = PBXFileReference; fileEncoding = 4; lastKnownFileType = sourcecode.c.c; path = nhr_response.c; sourceTree = "<group>"; };
		3D0BD6691CFDE93500C91654 /* nhr_response.h */ = {isa = PBXFileReference; fileEncoding = 4; lastKnownFileType = sourcecode.c.h; path = nhr_response.h; sourceTree = "<group>"; };
		3DE8C69D1D01CBE40011D974 /* nhr_map.c */ = {isa = PBXFileReference; fileEncoding = 4; lastKnownFileType = sourcecode.c.c; path = nhr_map.c; sourceTree = "<group>"; };
		3DE8C69E1D01CBE40011D974 /* nhr_map.h */ = {isa = PBXFileReference; fileEncoding = 4; lastKnownFileType = sourcecode.c.h; path = nhr_map.h; sourceTree = "<group>"; };
		3DEAD2751CFF0F40008996B5 /* test_libnhr_creation.c */ = {isa = PBXFileReference; fileEncoding = 4; lastKnownFileType = sourcecode.c.c; name = test_libnhr_creation.c; path = ../../test_libnhr_creation.c; sourceTree = "<group>"; };
		3DEAD27A1CFF1147008996B5 /* libnhr_public_tests.h */ = {isa = PBXFileReference; lastKnownFileType = sourcecode.c.h; name = libnhr_public_tests.h; path = ../../libnhr_public_tests.h; sourceTree = "<group>"; };
/* End PBXFileReference section */

/* Begin PBXFrameworksBuildPhase section */
		3D0BD6201CFD8B4000C91654 /* Frameworks */ = {
			isa = PBXFrameworksBuildPhase;
			buildActionMask = 2147483647;
			files = (
			);
			runOnlyForDeploymentPostprocessing = 0;
		};
		3D0BD6391CFD8B4000C91654 /* Frameworks */ = {
			isa = PBXFrameworksBuildPhase;
			buildActionMask = 2147483647;
			files = (
			);
			runOnlyForDeploymentPostprocessing = 0;
		};
/* End PBXFrameworksBuildPhase section */

/* Begin PBXGroup section */
		3D0BD61A1CFD8B4000C91654 = {
			isa = PBXGroup;
			children = (
				3D0BD64D1CFD8B9400C91654 /* src */,
				3D0BD64B1CFD8B8600C91654 /* libnhr.h */,
				3D0BD6251CFD8B4000C91654 /* libnhr */,
				3D0BD63F1CFD8B4000C91654 /* libnhrTests */,
				3D0BD6241CFD8B4000C91654 /* Products */,
			);
			sourceTree = "<group>";
		};
		3D0BD6241CFD8B4000C91654 /* Products */ = {
			isa = PBXGroup;
			children = (
				3D0BD6231CFD8B4000C91654 /* libnhr.app */,
				3D0BD63C1CFD8B4000C91654 /* libnhrTests.xctest */,
			);
			name = Products;
			sourceTree = "<group>";
		};
		3D0BD6251CFD8B4000C91654 /* libnhr */ = {
			isa = PBXGroup;
			children = (
				3D0BD6291CFD8B4000C91654 /* AppDelegate.h */,
				3D0BD62A1CFD8B4000C91654 /* AppDelegate.m */,
				3D0BD62C1CFD8B4000C91654 /* ViewController.h */,
				3D0BD62D1CFD8B4000C91654 /* ViewController.m */,
				3D0BD62F1CFD8B4000C91654 /* Main.storyboard */,
				3D0BD6321CFD8B4000C91654 /* Assets.xcassets */,
				3D0BD6341CFD8B4000C91654 /* LaunchScreen.storyboard */,
				3D0BD6371CFD8B4000C91654 /* Info.plist */,
				3D0BD6261CFD8B4000C91654 /* Supporting Files */,
			);
			path = libnhr;
			sourceTree = "<group>";
		};
		3D0BD6261CFD8B4000C91654 /* Supporting Files */ = {
			isa = PBXGroup;
			children = (
				3D0BD6271CFD8B4000C91654 /* main.m */,
			);
			name = "Supporting Files";
			sourceTree = "<group>";
		};
		3D0BD63F1CFD8B4000C91654 /* libnhrTests */ = {
			isa = PBXGroup;
			children = (
				3DEAD27A1CFF1147008996B5 /* libnhr_public_tests.h */,
				3DEAD2751CFF0F40008996B5 /* test_libnhr_creation.c */,
				3D0BD6401CFD8B4000C91654 /* libnhrTestCreation.m */,
				3D0BD6421CFD8B4000C91654 /* Info.plist */,
			);
			path = libnhrTests;
			sourceTree = "<group>";
		};
		3D0BD64D1CFD8B9400C91654 /* src */ = {
			isa = PBXGroup;
			children = (
				3D0BD64F1CFD8BEB00C91654 /* nhr_common.h */,
				3D0BD64E1CFD8BEB00C91654 /* nhr_common.c */,
				3D0BD6511CFD8BEB00C91654 /* nhr_memory.h */,
				3D0BD6501CFD8BEB00C91654 /* nhr_memory.c */,
				3D0BD6531CFD8BEB00C91654 /* nhr_string.h */,
				3D0BD6521CFD8BEB00C91654 /* nhr_string.c */,
				3D0BD6551CFD8BEB00C91654 /* nhr_thread.h */,
				3D0BD6541CFD8BEB00C91654 /* nhr_thread.c */,
				3D0BD65E1CFD8E4900C91654 /* nhr_request.h */,
				3D0BD65A1CFD8DBD00C91654 /* nhr_request_public.c */,
				3D0BD65C1CFD8DCA00C91654 /* nhr_request_private.c */,
				3D0BD6691CFDE93500C91654 /* nhr_response.h */,
				3D0BD6681CFDE93500C91654 /* nhr_response.c */,
				3DE8C69E1D01CBE40011D974 /* nhr_map.h */,
				3DE8C69D1D01CBE40011D974 /* nhr_map.c */,
			);
			name = src;
			path = ../../src;
			sourceTree = "<group>";
		};
/* End PBXGroup section */

/* Begin PBXNativeTarget section */
		3D0BD6221CFD8B4000C91654 /* libnhr */ = {
			isa = PBXNativeTarget;
			buildConfigurationList = 3D0BD6451CFD8B4000C91654 /* Build configuration list for PBXNativeTarget "libnhr" */;
			buildPhases = (
				3D0BD61F1CFD8B4000C91654 /* Sources */,
				3D0BD6201CFD8B4000C91654 /* Frameworks */,
				3D0BD6211CFD8B4000C91654 /* Resources */,
			);
			buildRules = (
			);
			dependencies = (
			);
			name = libnhr;
			productName = libnhr;
			productReference = 3D0BD6231CFD8B4000C91654 /* libnhr.app */;
			productType = "com.apple.product-type.application";
		};
		3D0BD63B1CFD8B4000C91654 /* libnhrTests */ = {
			isa = PBXNativeTarget;
			buildConfigurationList = 3D0BD6481CFD8B4000C91654 /* Build configuration list for PBXNativeTarget "libnhrTests" */;
			buildPhases = (
				3D0BD6381CFD8B4000C91654 /* Sources */,
				3D0BD6391CFD8B4000C91654 /* Frameworks */,
				3D0BD63A1CFD8B4000C91654 /* Resources */,
			);
			buildRules = (
			);
			dependencies = (
				3D0BD63E1CFD8B4000C91654 /* PBXTargetDependency */,
			);
			name = libnhrTests;
			productName = libnhrTests;
			productReference = 3D0BD63C1CFD8B4000C91654 /* libnhrTests.xctest */;
			productType = "com.apple.product-type.bundle.unit-test";
		};
/* End PBXNativeTarget section */

/* Begin PBXProject section */
		3D0BD61B1CFD8B4000C91654 /* Project object */ = {
			isa = PBXProject;
			attributes = {
				LastUpgradeCheck = 0730;
				ORGANIZATIONNAME = olehkulykov;
				TargetAttributes = {
					3D0BD6221CFD8B4000C91654 = {
						CreatedOnToolsVersion = 7.3.1;
					};
					3D0BD63B1CFD8B4000C91654 = {
						CreatedOnToolsVersion = 7.3.1;
						TestTargetID = 3D0BD6221CFD8B4000C91654;
					};
				};
			};
			buildConfigurationList = 3D0BD61E1CFD8B4000C91654 /* Build configuration list for PBXProject "libnhr" */;
			compatibilityVersion = "Xcode 3.2";
			developmentRegion = English;
			hasScannedForEncodings = 0;
			knownRegions = (
				en,
				Base,
			);
			mainGroup = 3D0BD61A1CFD8B4000C91654;
			productRefGroup = 3D0BD6241CFD8B4000C91654 /* Products */;
			projectDirPath = "";
			projectRoot = "";
			targets = (
				3D0BD6221CFD8B4000C91654 /* libnhr */,
				3D0BD63B1CFD8B4000C91654 /* libnhrTests */,
			);
		};
/* End PBXProject section */

/* Begin PBXResourcesBuildPhase section */
		3D0BD6211CFD8B4000C91654 /* Resources */ = {
			isa = PBXResourcesBuildPhase;
			buildActionMask = 2147483647;
			files = (
				3D0BD6361CFD8B4000C91654 /* LaunchScreen.storyboard in Resources */,
				3D0BD6331CFD8B4000C91654 /* Assets.xcassets in Resources */,
				3D0BD6311CFD8B4000C91654 /* Main.storyboard in Resources */,
			);
			runOnlyForDeploymentPostprocessing = 0;
		};
		3D0BD63A1CFD8B4000C91654 /* Resources */ = {
			isa = PBXResourcesBuildPhase;
			buildActionMask = 2147483647;
			files = (
			);
			runOnlyForDeploymentPostprocessing = 0;
		};
/* End PBXResourcesBuildPhase section */

/* Begin PBXSourcesBuildPhase section */
		3D0BD61F1CFD8B4000C91654 /* Sources */ = {
			isa = PBXSourcesBuildPhase;
			buildActionMask = 2147483647;
			files = (
				3D0BD62E1CFD8B4000C91654 /* ViewController.m in Sources */,
				3D0BD66A1CFDE93500C91654 /* nhr_response.c in Sources */,
				3D0BD6561CFD8BEB00C91654 /* nhr_common.c in Sources */,
				3D0BD62B1CFD8B4000C91654 /* AppDelegate.m in Sources */,
				3D0BD65B1CFD8DBD00C91654 /* nhr_request_public.c in Sources */,
				3D0BD6581CFD8BEB00C91654 /* nhr_string.c in Sources */,
				3D0BD6281CFD8B4000C91654 /* main.m in Sources */,
				3D0BD65D1CFD8DCA00C91654 /* nhr_request_private.c in Sources */,
				3DE8C69F1D01CBE40011D974 /* nhr_map.c in Sources */,
				3D0BD6571CFD8BEB00C91654 /* nhr_memory.c in Sources */,
				3D0BD6591CFD8BEB00C91654 /* nhr_thread.c in Sources */,
			);
			runOnlyForDeploymentPostprocessing = 0;
		};
		3D0BD6381CFD8B4000C91654 /* Sources */ = {
			isa = PBXSourcesBuildPhase;
			buildActionMask = 2147483647;
			files = (
				3D0BD6411CFD8B4000C91654 /* libnhrTestCreation.m in Sources */,
				3DEAD2791CFF10E2008996B5 /* test_libnhr_creation.c in Sources */,
			);
			runOnlyForDeploymentPostprocessing = 0;
		};
/* End PBXSourcesBuildPhase section */

/* Begin PBXTargetDependency section */
		3D0BD63E1CFD8B4000C91654 /* PBXTargetDependency */ = {
			isa = PBXTargetDependency;
			target = 3D0BD6221CFD8B4000C91654 /* libnhr */;
			targetProxy = 3D0BD63D1CFD8B4000C91654 /* PBXContainerItemProxy */;
		};
/* End PBXTargetDependency section */

/* Begin PBXVariantGroup section */
		3D0BD62F1CFD8B4000C91654 /* Main.storyboard */ = {
			isa = PBXVariantGroup;
			children = (
				3D0BD6301CFD8B4000C91654 /* Base */,
			);
			name = Main.storyboard;
			sourceTree = "<group>";
		};
		3D0BD6341CFD8B4000C91654 /* LaunchScreen.storyboard */ = {
			isa = PBXVariantGroup;
			children = (
				3D0BD6351CFD8B4000C91654 /* Base */,
			);
			name = LaunchScreen.storyboard;
			sourceTree = "<group>";
		};
/* End PBXVariantGroup section */

/* Begin XCBuildConfiguration section */
		3D0BD6431CFD8B4000C91654 /* Debug */ = {
			isa = XCBuildConfiguration;
			buildSettings = {
				ALWAYS_SEARCH_USER_PATHS = NO;
				CLANG_ANALYZER_NONNULL = YES;
				CLANG_CXX_LANGUAGE_STANDARD = "gnu++0x";
				CLANG_CXX_LIBRARY = "libc++";
				CLANG_ENABLE_MODULES = YES;
				CLANG_ENABLE_OBJC_ARC = YES;
				CLANG_WARN_BOOL_CONVERSION = YES;
				CLANG_WARN_CONSTANT_CONVERSION = YES;
				CLANG_WARN_DIRECT_OBJC_ISA_USAGE = YES_ERROR;
				CLANG_WARN_EMPTY_BODY = YES;
				CLANG_WARN_ENUM_CONVERSION = YES;
				CLANG_WARN_INT_CONVERSION = YES;
				CLANG_WARN_OBJC_ROOT_CLASS = YES_ERROR;
				CLANG_WARN_UNREACHABLE_CODE = YES;
				CLANG_WARN__DUPLICATE_METHOD_MATCH = YES;
				"CODE_SIGN_IDENTITY[sdk=iphoneos*]" = "iPhone Developer";
				COPY_PHASE_STRIP = NO;
				DEBUG_INFORMATION_FORMAT = dwarf;
				ENABLE_STRICT_OBJC_MSGSEND = YES;
				ENABLE_TESTABILITY = YES;
				GCC_C_LANGUAGE_STANDARD = gnu99;
				GCC_DYNAMIC_NO_PIC = NO;
				GCC_NO_COMMON_BLOCKS = YES;
				GCC_OPTIMIZATION_LEVEL = 0;
				GCC_PREPROCESSOR_DEFINITIONS = (
					"DEBUG=1",
					"$(inherited)",
					"XCODE=1",
				);
				GCC_WARN_64_TO_32_BIT_CONVERSION = YES;
				GCC_WARN_ABOUT_RETURN_TYPE = YES_ERROR;
				GCC_WARN_UNDECLARED_SELECTOR = YES;
				GCC_WARN_UNINITIALIZED_AUTOS = YES_AGGRESSIVE;
				GCC_WARN_UNUSED_FUNCTION = YES;
				GCC_WARN_UNUSED_VARIABLE = YES;
				IPHONEOS_DEPLOYMENT_TARGET = 8.0;
				MTL_ENABLE_DEBUG_INFO = YES;
				ONLY_ACTIVE_ARCH = YES;
				SDKROOT = iphoneos;
			};
			name = Debug;
		};
		3D0BD6441CFD8B4000C91654 /* Release */ = {
			isa = XCBuildConfiguration;
			buildSettings = {
				ALWAYS_SEARCH_USER_PATHS = NO;
				CLANG_ANALYZER_NONNULL = YES;
				CLANG_CXX_LANGUAGE_STANDARD = "gnu++0x";
				CLANG_CXX_LIBRARY = "libc++";
				CLANG_ENABLE_MODULES = YES;
				CLANG_ENABLE_OBJC_ARC = YES;
				CLANG_WARN_BOOL_CONVERSION = YES;
				CLANG_WARN_CONSTANT_CONVERSION = YES;
				CLANG_WARN_DIRECT_OBJC_ISA_USAGE = YES_ERROR;
				CLANG_WARN_EMPTY_BODY = YES;
				CLANG_WARN_ENUM_CONVERSION = YES;
				CLANG_WARN_INT_CONVERSION = YES;
				CLANG_WARN_OBJC_ROOT_CLASS = YES_ERROR;
				CLANG_WARN_UNREACHABLE_CODE = YES;
				CLANG_WARN__DUPLICATE_METHOD_MATCH = YES;
				"CODE_SIGN_IDENTITY[sdk=iphoneos*]" = "iPhone Developer";
				COPY_PHASE_STRIP = NO;
				DEBUG_INFORMATION_FORMAT = "dwarf-with-dsym";
				ENABLE_NS_ASSERTIONS = NO;
				ENABLE_STRICT_OBJC_MSGSEND = YES;
				GCC_C_LANGUAGE_STANDARD = gnu99;
				GCC_NO_COMMON_BLOCKS = YES;
				GCC_PREPROCESSOR_DEFINITIONS = "XCODE=1";
				GCC_WARN_64_TO_32_BIT_CONVERSION = YES;
				GCC_WARN_ABOUT_RETURN_TYPE = YES_ERROR;
				GCC_WARN_UNDECLARED_SELECTOR = YES;
				GCC_WARN_UNINITIALIZED_AUTOS = YES_AGGRESSIVE;
				GCC_WARN_UNUSED_FUNCTION = YES;
				GCC_WARN_UNUSED_VARIABLE = YES;
				IPHONEOS_DEPLOYMENT_TARGET = 8.0;
				MTL_ENABLE_DEBUG_INFO = NO;
				SDKROOT = iphoneos;
				VALIDATE_PRODUCT = YES;
			};
			name = Release;
		};
		3D0BD6461CFD8B4000C91654 /* Debug */ = {
			isa = XCBuildConfiguration;
			buildSettings = {
				ASSETCATALOG_COMPILER_APPICON_NAME = AppIcon;
				INFOPLIST_FILE = libnhr/Info.plist;
				LD_RUNPATH_SEARCH_PATHS = "$(inherited) @executable_path/Frameworks";
				PRODUCT_BUNDLE_IDENTIFIER = olehkulykov.libnhr;
				PRODUCT_NAME = "$(TARGET_NAME)";
			};
			name = Debug;
		};
		3D0BD6471CFD8B4000C91654 /* Release */ = {
			isa = XCBuildConfiguration;
			buildSettings = {
				ASSETCATALOG_COMPILER_APPICON_NAME = AppIcon;
				INFOPLIST_FILE = libnhr/Info.plist;
				LD_RUNPATH_SEARCH_PATHS = "$(inherited) @executable_path/Frameworks";
				PRODUCT_BUNDLE_IDENTIFIER = olehkulykov.libnhr;
				PRODUCT_NAME = "$(TARGET_NAME)";
			};
			name = Release;
		};
		3D0BD6491CFD8B4000C91654 /* Debug */ = {
			isa = XCBuildConfiguration;
			buildSettings = {
				BUNDLE_LOADER = "$(TEST_HOST)";
				INFOPLIST_FILE = libnhrTests/Info.plist;
				LD_RUNPATH_SEARCH_PATHS = "$(inherited) @executable_path/Frameworks @loader_path/Frameworks";
				PRODUCT_BUNDLE_IDENTIFIER = olehkulykov.libnhrTests;
				PRODUCT_NAME = "$(TARGET_NAME)";
				TEST_HOST = "$(BUILT_PRODUCTS_DIR)/libnhr.app/libnhr";
			};
			name = Debug;
		};
		3D0BD64A1CFD8B4000C91654 /* Release */ = {
			isa = XCBuildConfiguration;
			buildSettings = {
				BUNDLE_LOADER = "$(TEST_HOST)";
				INFOPLIST_FILE = libnhrTests/Info.plist;
				LD_RUNPATH_SEARCH_PATHS = "$(inherited) @executable_path/Frameworks @loader_path/Frameworks";
				PRODUCT_BUNDLE_IDENTIFIER = olehkulykov.libnhrTests;
				PRODUCT_NAME = "$(TARGET_NAME)";
				TEST_HOST = "$(BUILT_PRODUCTS_DIR)/libnhr.app/libnhr";
			};
			name = Release;
		};
/* End XCBuildConfiguration section */

/* Begin XCConfigurationList section */
		3D0BD61E1CFD8B4000C91654 /* Build configuration list for PBXProject "libnhr" */ = {
			isa = XCConfigurationList;
			buildConfigurations = (
				3D0BD6431CFD8B4000C91654 /* Debug */,
				3D0BD6441CFD8B4000C91654 /* Release */,
			);
			defaultConfigurationIsVisible = 0;
			defaultConfigurationName = Release;
		};
		3D0BD6451CFD8B4000C91654 /* Build configuration list for PBXNativeTarget "libnhr" */ = {
			isa = XCConfigurationList;
			buildConfigurations = (
				3D0BD6461CFD8B4000C91654 /* Debug */,
				3D0BD6471CFD8B4000C91654 /* Release */,
			);
			defaultConfigurationIsVisible = 0;
			defaultConfigurationName = Release;
		};
		3D0BD6481CFD8B4000C91654 /* Build configuration list for PBXNativeTarget "libnhrTests" */ = {
			isa = XCConfigurationList;
			buildConfigurations = (
				3D0BD6491CFD8B4000C91654 /* Debug */,
				3D0BD64A1CFD8B4000C91654 /* Release */,
			);
			defaultConfigurationIsVisible = 0;
			defaultConfigurationName = Release;
		};
/* End XCConfigurationList section */
	};
	rootObject = 3D0BD61B1CFD8B4000C91654 /* Project object */;
}
